
Microsoft Visual Studio Solution File, Format Version 12.00
# Visual Studio 2013
VisualStudioVersion = 12.0.40629.0
MinimumVisualStudioVersion = 10.0.40219.1
Project("{FAE04EC0-301F-11D3-BF4B-00C04F79EFBC}") = "Leo.Blog", "Leo.Blog\Leo.Blog.csproj", "{2EA62D5B-328C-4E1C-BBA0-7197E41EFB3A}"
EndProject
Project("{FAE04EC0-301F-11D3-BF4B-00C04F79EFBC}") = "Leo.Blog.Tests", "Leo.Blog.Tests\Leo.Blog.Tests.csproj", "{C24DF24F-89F1-4002-9ED1-EC39D874452C}"
EndProject
Project("{FAE04EC0-301F-11D3-BF4B-00C04F79EFBC}") = "Leo.Blog.Model", "Leo.Blog.Model\Leo.Blog.Model.csproj", "{A245B7B0-56BB-4869-AD29-06A11736EA5B}"
EndProject
Project("{2150E333-8FDC-42A3-9474-1A3956D46DE8}") = "DAL", "DAL", "{F0D72CC7-78A7-4461-94A1-5902CA9E85F3}"
EndProject
Project("{FAE04EC0-301F-11D3-BF4B-00C04F79EFBC}") = "Leo.Blog.DAL", "Leo.Blog.DAL\Leo.Blog.DAL.csproj", "{5F06142D-FFFE-4547-9C31-FE000A7B6593}"
EndProject
Project("{FAE04EC0-301F-11D3-BF4B-00C04F79EFBC}") = "Leo.Blog.IDAL", "Leo.Blog.IDAL\Leo.Blog.IDAL.csproj", "{FA4BA500-00E1-4297-A989-E13B70B6082A}"
EndProject
Project("{2150E333-8FDC-42A3-9474-1A3956D46DE8}") = "BLL", "BLL", "{BB5339A7-14FE-4D39-B626-FF444C3AB7E4}"
EndProject
Project("{FAE04EC0-301F-11D3-BF4B-00C04F79EFBC}") = "Leo.Blog.BLL", "Leo.Blog.BLL\Leo.Blog.BLL.csproj", "{14A0A7D8-8326-4BE9-B555-F616ED59ACBD}"
EndProject
Project("{FAE04EC0-301F-11D3-BF4B-00C04F79EFBC}") = "Leo.Blog.IBLL", "Leo.Blog.IBLL\Leo.Blog.IBLL.csproj", "{D1C12C34-DDB6-4C9C-93AF-8EC2382CA166}"
EndProject
Project("{FAE04EC0-301F-11D3-BF4B-00C04F79EFBC}") = "Leo.Blog.ViewModel", "Leo.Blog.ViewModel\Leo.Blog.ViewModel.csproj", "{97F2872F-CB44-4A74-9E7C-FA211E385A50}"
EndProject
Project("{FAE04EC0-301F-11D3-BF4B-00C04F79EFBC}") = "Leo.Blog.Common", "Leo.Blog.Common\Leo.Blog.Common.csproj", "{666827EA-7FF9-41E0-8FF2-21F2066BE7E2}"
EndProject
Global
	GlobalSection(SolutionConfigurationPlatforms) = preSolution
		Debug|Any CPU = Debug|Any CPU
		Release|Any CPU = Release|Any CPU
	EndGlobalSection
	GlobalSection(ProjectConfigurationPlatforms) = postSolution
		{2EA62D5B-328C-4E1C-BBA0-7197E41EFB3A}.Debug|Any CPU.ActiveCfg = Debug|Any CPU
		{2EA62D5B-328C-4E1C-BBA0-7197E41EFB3A}.Debug|Any CPU.Build.0 = Debug|Any CPU
		{2EA62D5B-328C-4E1C-BBA0-7197E41EFB3A}.Release|Any CPU.ActiveCfg = Release|Any CPU
		{2EA62D5B-328C-4E1C-BBA0-7197E41EFB3A}.Release|Any CPU.Build.0 = Release|Any CPU
		{C24DF24F-89F1-4002-9ED1-EC39D874452C}.Debug|Any CPU.ActiveCfg = Debug|Any CPU
		{C24DF24F-89F1-4002-9ED1-EC39D874452C}.Debug|Any CPU.Build.0 = Debug|Any CPU
		{C24DF24F-89F1-4002-9ED1-EC39D874452C}.Release|Any CPU.ActiveCfg = Release|Any CPU
		{C24DF24F-89F1-4002-9ED1-EC39D874452C}.Release|Any CPU.Build.0 = Release|Any CPU
		{A245B7B0-56BB-4869-AD29-06A11736EA5B}.Debug|Any CPU.ActiveCfg = Debug|Any CPU
		{A245B7B0-56BB-4869-AD29-06A11736EA5B}.Debug|Any CPU.Build.0 = Debug|Any CPU
		{A245B7B0-56BB-4869-AD29-06A11736EA5B}.Release|Any CPU.ActiveCfg = Release|Any CPU
		{A245B7B0-56BB-4869-AD29-06A11736EA5B}.Release|Any CPU.Build.0 = Release|Any CPU
		{5F06142D-FFFE-4547-9C31-FE000A7B6593}.Debug|Any CPU.ActiveCfg = Debug|Any CPU
		{5F06142D-FFFE-4547-9C31-FE000A7B6593}.Debug|Any CPU.Build.0 = Debug|Any CPU
		{5F06142D-FFFE-4547-9C31-FE000A7B6593}.Release|Any CPU.ActiveCfg = Release|Any CPU
		{5F06142D-FFFE-4547-9C31-FE000A7B6593}.Release|Any CPU.Build.0 = Release|Any CPU
		{FA4BA500-00E1-4297-A989-E13B70B6082A}.Debug|Any CPU.ActiveCfg = Debug|Any CPU
		{FA4BA500-00E1-4297-A989-E13B70B6082A}.Debug|Any CPU.Build.0 = Debug|Any CPU
		{FA4BA500-00E1-4297-A989-E13B70B6082A}.Release|Any CPU.ActiveCfg = Release|Any CPU
		{FA4BA500-00E1-4297-A989-E13B70B6082A}.Release|Any CPU.Build.0 = Release|Any CPU
		{14A0A7D8-8326-4BE9-B555-F616ED59ACBD}.Debug|Any CPU.ActiveCfg = Debug|Any CPU
		{14A0A7D8-8326-4BE9-B555-F616ED59ACBD}.Debug|Any CPU.Build.0 = Debug|Any CPU
		{14A0A7D8-8326-4BE9-B555-F616ED59ACBD}.Release|Any CPU.ActiveCfg = Release|Any CPU
		{14A0A7D8-8326-4BE9-B555-F616ED59ACBD}.Release|Any CPU.Build.0 = Release|Any CPU
		{D1C12C34-DDB6-4C9C-93AF-8EC2382CA166}.Debug|Any CPU.ActiveCfg = Debug|Any CPU
		{D1C12C34-DDB6-4C9C-93AF-8EC2382CA166}.Debug|Any CPU.Build.0 = Debug|Any CPU
		{D1C12C34-DDB6-4C9C-93AF-8EC2382CA166}.Release|Any CPU.ActiveCfg = Release|Any CPU
		{D1C12C34-DDB6-4C9C-93AF-8EC2382CA166}.Release|Any CPU.Build.0 = Release|Any CPU
		{97F2872F-CB44-4A74-9E7C-FA211E385A50}.Debug|Any CPU.ActiveCfg = Debug|Any CPU
		{97F2872F-CB44-4A74-9E7C-FA211E385A50}.Debug|Any CPU.Build.0 = Debug|Any CPU
		{97F2872F-CB44-4A74-9E7C-FA211E385A50}.Release|Any CPU.ActiveCfg = Release|Any CPU
		{97F2872F-CB44-4A74-9E7C-FA211E385A50}.Release|Any CPU.Build.0 = Release|Any CPU
		{666827EA-7FF9-41E0-8FF2-21F2066BE7E2}.Debug|Any CPU.ActiveCfg = Debug|Any CPU
		{666827EA-7FF9-41E0-8FF2-21F2066BE7E2}.Debug|Any CPU.Build.0 = Debug|Any CPU
		{666827EA-7FF9-41E0-8FF2-21F2066BE7E2}.Release|Any CPU.ActiveCfg = Release|Any CPU
		{666827EA-7FF9-41E0-8FF2-21F2066BE7E2}.Release|Any CPU.Build.0 = Release|Any CPU
	EndGlobalSection
	GlobalSection(SolutionProperties) = preSolution
		HideSolutionNode = FALSE
	EndGlobalSection
	GlobalSection(NestedProjects) = preSolution
		{5F06142D-FFFE-4547-9C31-FE000A7B6593} = {F0D72CC7-78A7-4461-94A1-5902CA9E85F3}
		{FA4BA500-00E1-4297-A989-E13B70B6082A} = {F0D72CC7-78A7-4461-94A1-5902CA9E85F3}
		{14A0A7D8-8326-4BE9-B555-F616ED59ACBD} = {BB5339A7-14FE-4D39-B626-FF444C3AB7E4}
		{D1C12C34-DDB6-4C9C-93AF-8EC2382CA166} = {BB5339A7-14FE-4D39-B626-FF444C3AB7E4}
	EndGlobalSection
EndGlobal
